
Microsoft Visual Studio Solution File, Format Version 12.00
Project("{FAE04EC0-301F-11D3-BF4B-00C04F79EFBC}") = "CarbonCertifier", "CarbonCertifier\CarbonCertifier.csproj", "{F7F37C1E-8EF5-4953-8CB2-D22A9434C3E5}"
EndProject
Project("{2150E333-8FDC-42A3-9474-1A3956D46DE8}") = "Solution Items", "Solution Items", "{9B6A2034-1D6B-4211-9129-27238125CC32}"
	ProjectSection(SolutionItems) = preProject
		compose.yaml = compose.yaml
	EndProjectSection
EndProject
Project("{FAE04EC0-301F-11D3-BF4B-00C04F79EFBC}") = "CarbonBlockchain", "CarbonBlockchain\CarbonBlockchain.csproj", "{D368B505-E356-4700-BE29-49E68259F401}"
EndProject
Global
	GlobalSection(SolutionConfigurationPlatforms) = preSolution
		Debug|Any CPU = Debug|Any CPU
		Release|Any CPU = Release|Any CPU
	EndGlobalSection
	GlobalSection(ProjectConfigurationPlatforms) = postSolution
		{F7F37C1E-8EF5-4953-8CB2-D22A9434C3E5}.Debug|Any CPU.ActiveCfg = Debug|Any CPU
		{F7F37C1E-8EF5-4953-8CB2-D22A9434C3E5}.Debug|Any CPU.Build.0 = Debug|Any CPU
		{F7F37C1E-8EF5-4953-8CB2-D22A9434C3E5}.Release|Any CPU.ActiveCfg = Release|Any CPU
		{F7F37C1E-8EF5-4953-8CB2-D22A9434C3E5}.Release|Any CPU.Build.0 = Release|Any CPU
		{D368B505-E356-4700-BE29-49E68259F401}.Debug|Any CPU.ActiveCfg = Debug|Any CPU
		{D368B505-E356-4700-BE29-49E68259F401}.Debug|Any CPU.Build.0 = Debug|Any CPU
		{D368B505-E356-4700-BE29-49E68259F401}.Release|Any CPU.ActiveCfg = Release|Any CPU
		{D368B505-E356-4700-BE29-49E68259F401}.Release|Any CPU.Build.0 = Release|Any CPU
	EndGlobalSection
EndGlobal
